// !$*UTF8*$!
{
	archiveVersion = 1;
	classes = {
	};
	objectVersion = 46;
	objects = {

/* Begin PBXBuildFile section */
		0412C3521D75783C00F534BA /* NXHNFViewController.m in Sources */ = {isa = PBXBuildFile; fileRef = 0412C3511D75783C00F534BA /* NXHNFViewController.m */; };
		0412C3591D75840000F534BA /* Launch Screen.storyboard in Resources */ = {isa = PBXBuildFile; fileRef = 0412C3581D75840000F534BA /* Launch Screen.storyboard */; };
		0412C37D1D75871900F534BA /* guide_four.jpg in Resources */ = {isa = PBXBuildFile; fileRef = 0412C3771D75871900F534BA /* guide_four.jpg */; };
		0412C37E1D75871900F534BA /* guide_go_btn.png in Resources */ = {isa = PBXBuildFile; fileRef = 0412C3781D75871900F534BA /* guide_go_btn.png */; };
		0412C37F1D75871900F534BA /* guide_one.jpg in Resources */ = {isa = PBXBuildFile; fileRef = 0412C3791D75871900F534BA /* guide_one.jpg */; };
		0412C3801D75871900F534BA /* guide_three.jpg in Resources */ = {isa = PBXBuildFile; fileRef = 0412C37A1D75871900F534BA /* guide_three.jpg */; };
		0412C3811D75871900F534BA /* guide_two.jpg in Resources */ = {isa = PBXBuildFile; fileRef = 0412C37B1D75871900F534BA /* guide_two.jpg */; };
		0412C3821D75871900F534BA /* splash.jpg in Resources */ = {isa = PBXBuildFile; fileRef = 0412C37C1D75871900F534BA /* splash.jpg */; };
		04243B111D75179800809AC5 /* Assets.xcassets in Resources */ = {isa = PBXBuildFile; fileRef = 04243B101D75179800809AC5 /* Assets.xcassets */; };
		04243B1F1D75179900809AC5 /* ____Tests.m in Sources */ = {isa = PBXBuildFile; fileRef = 04243B1E1D75179900809AC5 /* ____Tests.m */; };
		04243B2A1D75179900809AC5 /* ____UITests.m in Sources */ = {isa = PBXBuildFile; fileRef = 04243B291D75179900809AC5 /* ____UITests.m */; };
		042FA2A51D76617D00F0154B /* NXHpageControl.m in Sources */ = {isa = PBXBuildFile; fileRef = 042FA2A41D76617D00F0154B /* NXHpageControl.m */; };
		04A22A721D75319C002C3490 /* NXHMainViewController.m in Sources */ = {isa = PBXBuildFile; fileRef = 04A22A611D75319C002C3490 /* NXHMainViewController.m */; };
		04A22A731D75319C002C3490 /* AppDelegate.m in Sources */ = {isa = PBXBuildFile; fileRef = 04A22A6E1D75319C002C3490 /* AppDelegate.m */; };
		04A22A741D75319C002C3490 /* Info.plist in Resources */ = {isa = PBXBuildFile; fileRef = 04A22A6F1D75319C002C3490 /* Info.plist */; };
		04A22A751D75319C002C3490 /* main.m in Sources */ = {isa = PBXBuildFile; fileRef = 04A22A701D75319C002C3490 /* main.m */; };
		04A22A7C1D7531FB002C3490 /* NXHGudieTool.m in Sources */ = {isa = PBXBuildFile; fileRef = 04A22A7B1D7531FB002C3490 /* NXHGudieTool.m */; };
		04A22A801D753474002C3490 /* NXHSaveTool.m in Sources */ = {isa = PBXBuildFile; fileRef = 04A22A7F1D753474002C3490 /* NXHSaveTool.m */; };
		04A22A891D753792002C3490 /* NXHNewFeatureViewController.m in Sources */ = {isa = PBXBuildFile; fileRef = 04A22A881D753792002C3490 /* NXHNewFeatureViewController.m */; };
		04A22A8D1D753C19002C3490 /* NXHNewFeatureCell.m in Sources */ = {isa = PBXBuildFile; fileRef = 04A22A8C1D753C19002C3490 /* NXHNewFeatureCell.m */; };
		04A22A931D7565AD002C3490 /* UIImage+Image.m in Sources */ = {isa = PBXBuildFile; fileRef = 04A22A901D7565AD002C3490 /* UIImage+Image.m */; };
		04A22A941D7565AD002C3490 /* UIView+Frame.m in Sources */ = {isa = PBXBuildFile; fileRef = 04A22A921D7565AD002C3490 /* UIView+Frame.m */; };
		04FBF96B1D76800800CF5DF8 /* indicator_1_focused.png in Resources */ = {isa = PBXBuildFile; fileRef = 04FBF9631D76800800CF5DF8 /* indicator_1_focused.png */; };
		04FBF96C1D76800800CF5DF8 /* indicator_1_unfocused.png in Resources */ = {isa = PBXBuildFile; fileRef = 04FBF9641D76800800CF5DF8 /* indicator_1_unfocused.png */; };
		04FBF96D1D76800800CF5DF8 /* indicator_2_focused.png in Resources */ = {isa = PBXBuildFile; fileRef = 04FBF9651D76800800CF5DF8 /* indicator_2_focused.png */; };
		04FBF96E1D76800800CF5DF8 /* indicator_2_unfocused.png in Resources */ = {isa = PBXBuildFile; fileRef = 04FBF9661D76800800CF5DF8 /* indicator_2_unfocused.png */; };
		04FBF96F1D76800800CF5DF8 /* indicator_3_focused.png in Resources */ = {isa = PBXBuildFile; fileRef = 04FBF9671D76800800CF5DF8 /* indicator_3_focused.png */; };
		04FBF9701D76800800CF5DF8 /* indicator_3_unfocused.png in Resources */ = {isa = PBXBuildFile; fileRef = 04FBF9681D76800800CF5DF8 /* indicator_3_unfocused.png */; };
		04FBF9711D76800800CF5DF8 /* indicator_4_focused.png in Resources */ = {isa = PBXBuildFile; fileRef = 04FBF9691D76800800CF5DF8 /* indicator_4_focused.png */; };
		04FBF9721D76800800CF5DF8 /* indicator_4_unfocused.png in Resources */ = {isa = PBXBuildFile; fileRef = 04FBF96A1D76800800CF5DF8 /* indicator_4_unfocused.png */; };
/* End PBXBuildFile section */

/* Begin PBXContainerItemProxy section */
		04243B1B1D75179900809AC5 /* PBXContainerItemProxy */ = {
			isa = PBXContainerItemProxy;
			containerPortal = 04243AF91D75179800809AC5 /* Project object */;
			proxyType = 1;
			remoteGlobalIDString = 04243B001D75179800809AC5;
			remoteInfo = "农事无忧";
		};
		04243B261D75179900809AC5 /* PBXContainerItemProxy */ = {
			isa = PBXContainerItemProxy;
			containerPortal = 04243AF91D75179800809AC5 /* Project object */;
			proxyType = 1;
			remoteGlobalIDString = 04243B001D75179800809AC5;
			remoteInfo = "农事无忧";
		};
/* End PBXContainerItemProxy section */

/* Begin PBXFileReference section */
		0412C3501D75783C00F534BA /* NXHNFViewController.h */ = {isa = PBXFileReference; fileEncoding = 4; lastKnownFileType = sourcecode.c.h; path = NXHNFViewController.h; sourceTree = "<group>"; };
		0412C3511D75783C00F534BA /* NXHNFViewController.m */ = {isa = PBXFileReference; fileEncoding = 4; lastKnownFileType = sourcecode.c.objc; path = NXHNFViewController.m; sourceTree = "<group>"; usesTabs = 0; };
		0412C3581D75840000F534BA /* Launch Screen.storyboard */ = {isa = PBXFileReference; fileEncoding = 4; lastKnownFileType = file.storyboard; path = "Launch Screen.storyboard"; sourceTree = "<group>"; };
		0412C3771D75871900F534BA /* guide_four.jpg */ = {isa = PBXFileReference; lastKnownFileType = image.jpeg; path = guide_four.jpg; sourceTree = "<group>"; };
		0412C3781D75871900F534BA /* guide_go_btn.png */ = {isa = PBXFileReference; lastKnownFileType = image.png; path = guide_go_btn.png; sourceTree = "<group>"; };
		0412C3791D75871900F534BA /* guide_one.jpg */ = {isa = PBXFileReference; lastKnownFileType = image.jpeg; path = guide_one.jpg; sourceTree = "<group>"; };
		0412C37A1D75871900F534BA /* guide_three.jpg */ = {isa = PBXFileReference; lastKnownFileType = image.jpeg; path = guide_three.jpg; sourceTree = "<group>"; };
		0412C37B1D75871900F534BA /* guide_two.jpg */ = {isa = PBXFileReference; lastKnownFileType = image.jpeg; path = guide_two.jpg; sourceTree = "<group>"; };
		0412C37C1D75871900F534BA /* splash.jpg */ = {isa = PBXFileReference; lastKnownFileType = image.jpeg; path = splash.jpg; sourceTree = "<group>"; };
		04243B011D75179800809AC5 /* 农事无忧.app */ = {isa = PBXFileReference; explicitFileType = wrapper.application; includeInIndex = 0; path = "农事无忧.app"; sourceTree = BUILT_PRODUCTS_DIR; };
		04243B101D75179800809AC5 /* Assets.xcassets */ = {isa = PBXFileReference; lastKnownFileType = folder.assetcatalog; path = Assets.xcassets; sourceTree = "<group>"; };
		04243B1A1D75179900809AC5 /* 农事无忧Tests.xctest */ = {isa = PBXFileReference; explicitFileType = wrapper.cfbundle; includeInIndex = 0; path = "农事无忧Tests.xctest"; sourceTree = BUILT_PRODUCTS_DIR; };
		04243B1E1D75179900809AC5 /* ____Tests.m */ = {isa = PBXFileReference; lastKnownFileType = sourcecode.c.objc; path = "____Tests.m"; sourceTree = "<group>"; };
		04243B201D75179900809AC5 /* Info.plist */ = {isa = PBXFileReference; lastKnownFileType = text.plist.xml; path = Info.plist; sourceTree = "<group>"; };
		04243B251D75179900809AC5 /* 农事无忧UITests.xctest */ = {isa = PBXFileReference; explicitFileType = wrapper.cfbundle; includeInIndex = 0; path = "农事无忧UITests.xctest"; sourceTree = BUILT_PRODUCTS_DIR; };
		04243B291D75179900809AC5 /* ____UITests.m */ = {isa = PBXFileReference; lastKnownFileType = sourcecode.c.objc; path = "____UITests.m"; sourceTree = "<group>"; };
		04243B2B1D75179900809AC5 /* Info.plist */ = {isa = PBXFileReference; lastKnownFileType = text.plist.xml; path = Info.plist; sourceTree = "<group>"; };
		042FA2A31D76617D00F0154B /* NXHpageControl.h */ = {isa = PBXFileReference; fileEncoding = 4; lastKnownFileType = sourcecode.c.h; path = NXHpageControl.h; sourceTree = "<group>"; };
		042FA2A41D76617D00F0154B /* NXHpageControl.m */ = {isa = PBXFileReference; fileEncoding = 4; lastKnownFileType = sourcecode.c.objc; path = NXHpageControl.m; sourceTree = "<group>"; };
		04A22A601D75319C002C3490 /* NXHMainViewController.h */ = {isa = PBXFileReference; fileEncoding = 4; lastKnownFileType = sourcecode.c.h; path = NXHMainViewController.h; sourceTree = "<group>"; };
		04A22A611D75319C002C3490 /* NXHMainViewController.m */ = {isa = PBXFileReference; fileEncoding = 4; lastKnownFileType = sourcecode.c.objc; path = NXHMainViewController.m; sourceTree = "<group>"; };
		04A22A6D1D75319C002C3490 /* AppDelegate.h */ = {isa = PBXFileReference; fileEncoding = 4; lastKnownFileType = sourcecode.c.h; path = AppDelegate.h; sourceTree = "<group>"; };
		04A22A6E1D75319C002C3490 /* AppDelegate.m */ = {isa = PBXFileReference; fileEncoding = 4; lastKnownFileType = sourcecode.c.objc; path = AppDelegate.m; sourceTree = "<group>"; };
		04A22A6F1D75319C002C3490 /* Info.plist */ = {isa = PBXFileReference; fileEncoding = 4; lastKnownFileType = text.plist.xml; path = Info.plist; sourceTree = "<group>"; };
		04A22A701D75319C002C3490 /* main.m */ = {isa = PBXFileReference; fileEncoding = 4; lastKnownFileType = sourcecode.c.objc; path = main.m; sourceTree = "<group>"; };
		04A22A7A1D7531FB002C3490 /* NXHGudieTool.h */ = {isa = PBXFileReference; fileEncoding = 4; lastKnownFileType = sourcecode.c.h; path = NXHGudieTool.h; sourceTree = "<group>"; };
		04A22A7B1D7531FB002C3490 /* NXHGudieTool.m */ = {isa = PBXFileReference; fileEncoding = 4; lastKnownFileType = sourcecode.c.objc; path = NXHGudieTool.m; sourceTree = "<group>"; };
		04A22A7E1D753474002C3490 /* NXHSaveTool.h */ = {isa = PBXFileReference; fileEncoding = 4; lastKnownFileType = sourcecode.c.h; path = NXHSaveTool.h; sourceTree = "<group>"; };
		04A22A7F1D753474002C3490 /* NXHSaveTool.m */ = {isa = PBXFileReference; fileEncoding = 4; lastKnownFileType = sourcecode.c.objc; path = NXHSaveTool.m; sourceTree = "<group>"; };
		04A22A871D753792002C3490 /* NXHNewFeatureViewController.h */ = {isa = PBXFileReference; fileEncoding = 4; lastKnownFileType = sourcecode.c.h; path = NXHNewFeatureViewController.h; sourceTree = "<group>"; };
		04A22A881D753792002C3490 /* NXHNewFeatureViewController.m */ = {isa = PBXFileReference; fileEncoding = 4; lastKnownFileType = sourcecode.c.objc; path = NXHNewFeatureViewController.m; sourceTree = "<group>"; };
		04A22A8A1D753858002C3490 /* 农事无忧.pch */ = {isa = PBXFileReference; lastKnownFileType = sourcecode.c.h; path = "农事无忧.pch"; sourceTree = "<group>"; };
		04A22A8B1D753C19002C3490 /* NXHNewFeatureCell.h */ = {isa = PBXFileReference; fileEncoding = 4; lastKnownFileType = sourcecode.c.h; path = NXHNewFeatureCell.h; sourceTree = "<group>"; };
		04A22A8C1D753C19002C3490 /* NXHNewFeatureCell.m */ = {isa = PBXFileReference; fileEncoding = 4; lastKnownFileType = sourcecode.c.objc; path = NXHNewFeatureCell.m; sourceTree = "<group>"; };
		04A22A8F1D7565AD002C3490 /* UIImage+Image.h */ = {isa = PBXFileReference; fileEncoding = 4; lastKnownFileType = sourcecode.c.h; path = "UIImage+Image.h"; sourceTree = "<group>"; };
		04A22A901D7565AD002C3490 /* UIImage+Image.m */ = {isa = PBXFileReference; fileEncoding = 4; lastKnownFileType = sourcecode.c.objc; path = "UIImage+Image.m"; sourceTree = "<group>"; };
		04A22A911D7565AD002C3490 /* UIView+Frame.h */ = {isa = PBXFileReference; fileEncoding = 4; lastKnownFileType = sourcecode.c.h; path = "UIView+Frame.h"; sourceTree = "<group>"; };
		04A22A921D7565AD002C3490 /* UIView+Frame.m */ = {isa = PBXFileReference; fileEncoding = 4; lastKnownFileType = sourcecode.c.objc; path = "UIView+Frame.m"; sourceTree = "<group>"; };
		04FBF9631D76800800CF5DF8 /* indicator_1_focused.png */ = {isa = PBXFileReference; lastKnownFileType = image.png; path = indicator_1_focused.png; sourceTree = "<group>"; };
		04FBF9641D76800800CF5DF8 /* indicator_1_unfocused.png */ = {isa = PBXFileReference; lastKnownFileType = image.png; path = indicator_1_unfocused.png; sourceTree = "<group>"; };
		04FBF9651D76800800CF5DF8 /* indicator_2_focused.png */ = {isa = PBXFileReference; lastKnownFileType = image.png; path = indicator_2_focused.png; sourceTree = "<group>"; };
		04FBF9661D76800800CF5DF8 /* indicator_2_unfocused.png */ = {isa = PBXFileReference; lastKnownFileType = image.png; path = indicator_2_unfocused.png; sourceTree = "<group>"; };
		04FBF9671D76800800CF5DF8 /* indicator_3_focused.png */ = {isa = PBXFileReference; lastKnownFileType = image.png; path = indicator_3_focused.png; sourceTree = "<group>"; };
		04FBF9681D76800800CF5DF8 /* indicator_3_unfocused.png */ = {isa = PBXFileReference; lastKnownFileType = image.png; path = indicator_3_unfocused.png; sourceTree = "<group>"; };
		04FBF9691D76800800CF5DF8 /* indicator_4_focused.png */ = {isa = PBXFileReference; lastKnownFileType = image.png; path = indicator_4_focused.png; sourceTree = "<group>"; };
		04FBF96A1D76800800CF5DF8 /* indicator_4_unfocused.png */ = {isa = PBXFileReference; lastKnownFileType = image.png; path = indicator_4_unfocused.png; sourceTree = "<group>"; };
/* End PBXFileReference section */

/* Begin PBXFrameworksBuildPhase section */
		04243AFE1D75179800809AC5 /* Frameworks */ = {
			isa = PBXFrameworksBuildPhase;
			buildActionMask = 2147483647;
			files = (
			);
			runOnlyForDeploymentPostprocessing = 0;
		};
		04243B171D75179900809AC5 /* Frameworks */ = {
			isa = PBXFrameworksBuildPhase;
			buildActionMask = 2147483647;
			files = (
			);
			runOnlyForDeploymentPostprocessing = 0;
		};
		04243B221D75179900809AC5 /* Frameworks */ = {
			isa = PBXFrameworksBuildPhase;
			buildActionMask = 2147483647;
			files = (
			);
			runOnlyForDeploymentPostprocessing = 0;
		};
/* End PBXFrameworksBuildPhase section */

/* Begin PBXGroup section */
		0412C3761D75871900F534BA /* GuideImage */ = {
			isa = PBXGroup;
			children = (
				0412C3771D75871900F534BA /* guide_four.jpg */,
				0412C3781D75871900F534BA /* guide_go_btn.png */,
				0412C3791D75871900F534BA /* guide_one.jpg */,
				0412C37A1D75871900F534BA /* guide_three.jpg */,
				0412C37B1D75871900F534BA /* guide_two.jpg */,
				0412C37C1D75871900F534BA /* splash.jpg */,
			);
			name = GuideImage;
			path = GudieImage;
			sourceTree = "<group>";
		};
		04243AF81D75179800809AC5 = {
			isa = PBXGroup;
			children = (
				04243B031D75179800809AC5 /* 农事无忧 */,
				04243B1D1D75179900809AC5 /* 农事无忧Tests */,
				04243B281D75179900809AC5 /* 农事无忧UITests */,
				04243B021D75179800809AC5 /* Products */,
			);
			sourceTree = "<group>";
		};
		04243B021D75179800809AC5 /* Products */ = {
			isa = PBXGroup;
			children = (
				04243B011D75179800809AC5 /* 农事无忧.app */,
				04243B1A1D75179900809AC5 /* 农事无忧Tests.xctest */,
				04243B251D75179900809AC5 /* 农事无忧UITests.xctest */,
			);
			name = Products;
			sourceTree = "<group>";
		};
		04243B031D75179800809AC5 /* 农事无忧 */ = {
			isa = PBXGroup;
			children = (
				04A22A551D75319C002C3490 /* Class */,
				04243B101D75179800809AC5 /* Assets.xcassets */,
				0412C3581D75840000F534BA /* Launch Screen.storyboard */,
				04243B041D75179800809AC5 /* Supporting Files */,
			);
			path = "农事无忧";
			sourceTree = "<group>";
		};
		04243B041D75179800809AC5 /* Supporting Files */ = {
			isa = PBXGroup;
			children = (
			);
			name = "Supporting Files";
			sourceTree = "<group>";
		};
		04243B1D1D75179900809AC5 /* 农事无忧Tests */ = {
			isa = PBXGroup;
			children = (
				04243B1E1D75179900809AC5 /* ____Tests.m */,
				04243B201D75179900809AC5 /* Info.plist */,
			);
			path = "农事无忧Tests";
			sourceTree = "<group>";
		};
		04243B281D75179900809AC5 /* 农事无忧UITests */ = {
			isa = PBXGroup;
			children = (
				04243B291D75179900809AC5 /* ____UITests.m */,
				04243B2B1D75179900809AC5 /* Info.plist */,
			);
			path = "农事无忧UITests";
			sourceTree = "<group>";
		};
		04A22A551D75319C002C3490 /* Class */ = {
			isa = PBXGroup;
			children = (
				04A22A831D75376A002C3490 /* NewFeature(新特性界面) */,
				04A22A561D75319C002C3490 /* Discover(发现) */,
				04A22A5A1D75319C002C3490 /* Home(首页) */,
				04A22A5E1D75319C002C3490 /* Main(主要) */,
				04A22A641D75319C002C3490 /* Me(我) */,
				04A22A681D75319C002C3490 /* Message(消息) */,
				04A22A6C1D75319C002C3490 /* Other */,
				04A22A711D75319C002C3490 /* Tool(业务) */,
			);
			path = Class;
			sourceTree = "<group>";
		};
		04A22A561D75319C002C3490 /* Discover(发现) */ = {
			isa = PBXGroup;
			children = (
				04A22A571D75319C002C3490 /* Controller */,
				04A22A581D75319C002C3490 /* Model */,
				04A22A591D75319C002C3490 /* View-Model */,
			);
			path = "Discover(发现)";
			sourceTree = "<group>";
		};
		04A22A571D75319C002C3490 /* Controller */ = {
			isa = PBXGroup;
			children = (
			);
			path = Controller;
			sourceTree = "<group>";
		};
		04A22A581D75319C002C3490 /* Model */ = {
			isa = PBXGroup;
			children = (
			);
			path = Model;
			sourceTree = "<group>";
		};
		04A22A591D75319C002C3490 /* View-Model */ = {
			isa = PBXGroup;
			children = (
			);
			path = "View-Model";
			sourceTree = "<group>";
		};
		04A22A5A1D75319C002C3490 /* Home(首页) */ = {
			isa = PBXGroup;
			children = (
				04A22A5B1D75319C002C3490 /* Controller */,
				04A22A5C1D75319C002C3490 /* Model */,
				04A22A5D1D75319C002C3490 /* View-Model */,
			);
			path = "Home(首页)";
			sourceTree = "<group>";
		};
		04A22A5B1D75319C002C3490 /* Controller */ = {
			isa = PBXGroup;
			children = (
			);
			path = Controller;
			sourceTree = "<group>";
		};
		04A22A5C1D75319C002C3490 /* Model */ = {
			isa = PBXGroup;
			children = (
			);
			path = Model;
			sourceTree = "<group>";
		};
		04A22A5D1D75319C002C3490 /* View-Model */ = {
			isa = PBXGroup;
			children = (
			);
			path = "View-Model";
			sourceTree = "<group>";
		};
		04A22A5E1D75319C002C3490 /* Main(主要) */ = {
			isa = PBXGroup;
			children = (
				04A22A5F1D75319C002C3490 /* Controller */,
				04A22A621D75319C002C3490 /* Model */,
				04A22A631D75319C002C3490 /* View-Model */,
			);
			path = "Main(主要)";
			sourceTree = "<group>";
		};
		04A22A5F1D75319C002C3490 /* Controller */ = {
			isa = PBXGroup;
			children = (
				04A22A601D75319C002C3490 /* NXHMainViewController.h */,
				04A22A611D75319C002C3490 /* NXHMainViewController.m */,
			);
			path = Controller;
			sourceTree = "<group>";
		};
		04A22A621D75319C002C3490 /* Model */ = {
			isa = PBXGroup;
			children = (
			);
			path = Model;
			sourceTree = "<group>";
		};
		04A22A631D75319C002C3490 /* View-Model */ = {
			isa = PBXGroup;
			children = (
			);
			path = "View-Model";
			sourceTree = "<group>";
		};
		04A22A641D75319C002C3490 /* Me(我) */ = {
			isa = PBXGroup;
			children = (
				04A22A651D75319C002C3490 /* Controller */,
				04A22A661D75319C002C3490 /* Model */,
				04A22A671D75319C002C3490 /* View-Model */,
			);
			path = "Me(我)";
			sourceTree = "<group>";
		};
		04A22A651D75319C002C3490 /* Controller */ = {
			isa = PBXGroup;
			children = (
			);
			path = Controller;
			sourceTree = "<group>";
		};
		04A22A661D75319C002C3490 /* Model */ = {
			isa = PBXGroup;
			children = (
			);
			path = Model;
			sourceTree = "<group>";
		};
		04A22A671D75319C002C3490 /* View-Model */ = {
			isa = PBXGroup;
			children = (
			);
			path = "View-Model";
			sourceTree = "<group>";
		};
		04A22A681D75319C002C3490 /* Message(消息) */ = {
			isa = PBXGroup;
			children = (
				04A22A691D75319C002C3490 /* Controller */,
				04A22A6A1D75319C002C3490 /* Model */,
				04A22A6B1D75319C002C3490 /* View-Model */,
			);
			path = "Message(消息)";
			sourceTree = "<group>";
		};
		04A22A691D75319C002C3490 /* Controller */ = {
			isa = PBXGroup;
			children = (
			);
			path = Controller;
			sourceTree = "<group>";
		};
		04A22A6A1D75319C002C3490 /* Model */ = {
			isa = PBXGroup;
			children = (
			);
			path = Model;
			sourceTree = "<group>";
		};
		04A22A6B1D75319C002C3490 /* View-Model */ = {
			isa = PBXGroup;
			children = (
			);
			path = "View-Model";
			sourceTree = "<group>";
		};
		04A22A6C1D75319C002C3490 /* Other */ = {
			isa = PBXGroup;
			children = (
				04A22A8E1D7565AD002C3490 /* Categoty */,
				04A22A6D1D75319C002C3490 /* AppDelegate.h */,
				04A22A6E1D75319C002C3490 /* AppDelegate.m */,
				04A22A6F1D75319C002C3490 /* Info.plist */,
				04A22A701D75319C002C3490 /* main.m */,
				04A22A8A1D753858002C3490 /* 农事无忧.pch */,
			);
			path = Other;
			sourceTree = "<group>";
		};
		04A22A711D75319C002C3490 /* Tool(业务) */ = {
			isa = PBXGroup;
			children = (
				04A22A7D1D75345C002C3490 /* Save */,
				04A22A791D7531FB002C3490 /* Gudie */,
			);
			path = "Tool(业务)";
			sourceTree = "<group>";
		};
		04A22A791D7531FB002C3490 /* Gudie */ = {
			isa = PBXGroup;
			children = (
				04A22A7A1D7531FB002C3490 /* NXHGudieTool.h */,
				04A22A7B1D7531FB002C3490 /* NXHGudieTool.m */,
			);
			path = Gudie;
			sourceTree = "<group>";
		};
		04A22A7D1D75345C002C3490 /* Save */ = {
			isa = PBXGroup;
			children = (
				04A22A7E1D753474002C3490 /* NXHSaveTool.h */,
				04A22A7F1D753474002C3490 /* NXHSaveTool.m */,
			);
			path = Save;
			sourceTree = "<group>";
		};
		04A22A831D75376A002C3490 /* NewFeature(新特性界面) */ = {
			isa = PBXGroup;
			children = (
				0412C3761D75871900F534BA /* GuideImage */,
				04A22A841D75376A002C3490 /* Controller */,
				04A22A851D75376A002C3490 /* Model */,
				04A22A861D75376A002C3490 /* View-Model */,
			);
			path = "NewFeature(新特性界面)";
			sourceTree = "<group>";
		};
		04A22A841D75376A002C3490 /* Controller */ = {
			isa = PBXGroup;
			children = (
				04A22A871D753792002C3490 /* NXHNewFeatureViewController.h */,
				04A22A881D753792002C3490 /* NXHNewFeatureViewController.m */,
				0412C3501D75783C00F534BA /* NXHNFViewController.h */,
				0412C3511D75783C00F534BA /* NXHNFViewController.m */,
			);
			path = Controller;
			sourceTree = "<group>";
		};
		04A22A851D75376A002C3490 /* Model */ = {
			isa = PBXGroup;
			children = (
			);
			path = Model;
			sourceTree = "<group>";
		};
		04A22A861D75376A002C3490 /* View-Model */ = {
			isa = PBXGroup;
			children = (
				04FBF9621D76800800CF5DF8 /* Page */,
				04A22A8B1D753C19002C3490 /* NXHNewFeatureCell.h */,
				04A22A8C1D753C19002C3490 /* NXHNewFeatureCell.m */,
				042FA2A31D76617D00F0154B /* NXHpageControl.h */,
				042FA2A41D76617D00F0154B /* NXHpageControl.m */,
			);
			path = "View-Model";
			sourceTree = "<group>";
		};
		04A22A8E1D7565AD002C3490 /* Categoty */ = {
			isa = PBXGroup;
			children = (
				04A22A8F1D7565AD002C3490 /* UIImage+Image.h */,
				04A22A901D7565AD002C3490 /* UIImage+Image.m */,
				04A22A911D7565AD002C3490 /* UIView+Frame.h */,
				04A22A921D7565AD002C3490 /* UIView+Frame.m */,
			);
			path = Categoty;
			sourceTree = "<group>";
		};
		04FBF9621D76800800CF5DF8 /* Page */ = {
			isa = PBXGroup;
			children = (
				04FBF9631D76800800CF5DF8 /* indicator_1_focused.png */,
				04FBF9641D76800800CF5DF8 /* indicator_1_unfocused.png */,
				04FBF9651D76800800CF5DF8 /* indicator_2_focused.png */,
				04FBF9661D76800800CF5DF8 /* indicator_2_unfocused.png */,
				04FBF9671D76800800CF5DF8 /* indicator_3_focused.png */,
				04FBF9681D76800800CF5DF8 /* indicator_3_unfocused.png */,
				04FBF9691D76800800CF5DF8 /* indicator_4_focused.png */,
				04FBF96A1D76800800CF5DF8 /* indicator_4_unfocused.png */,
			);
			path = Page;
			sourceTree = "<group>";
		};
/* End PBXGroup section */

/* Begin PBXNativeTarget section */
		04243B001D75179800809AC5 /* 农事无忧 */ = {
			isa = PBXNativeTarget;
			buildConfigurationList = 04243B2E1D75179900809AC5 /* Build configuration list for PBXNativeTarget "农事无忧" */;
			buildPhases = (
				04243AFD1D75179800809AC5 /* Sources */,
				04243AFE1D75179800809AC5 /* Frameworks */,
				04243AFF1D75179800809AC5 /* Resources */,
			);
			buildRules = (
			);
			dependencies = (
			);
			name = "农事无忧";
			productName = "农事无忧";
			productReference = 04243B011D75179800809AC5 /* 农事无忧.app */;
			productType = "com.apple.product-type.application";
		};
		04243B191D75179900809AC5 /* 农事无忧Tests */ = {
			isa = PBXNativeTarget;
			buildConfigurationList = 04243B311D75179900809AC5 /* Build configuration list for PBXNativeTarget "农事无忧Tests" */;
			buildPhases = (
				04243B161D75179900809AC5 /* Sources */,
				04243B171D75179900809AC5 /* Frameworks */,
				04243B181D75179900809AC5 /* Resources */,
			);
			buildRules = (
			);
			dependencies = (
				04243B1C1D75179900809AC5 /* PBXTargetDependency */,
			);
			name = "农事无忧Tests";
			productName = "农事无忧Tests";
			productReference = 04243B1A1D75179900809AC5 /* 农事无忧Tests.xctest */;
			productType = "com.apple.product-type.bundle.unit-test";
		};
		04243B241D75179900809AC5 /* 农事无忧UITests */ = {
			isa = PBXNativeTarget;
			buildConfigurationList = 04243B341D75179900809AC5 /* Build configuration list for PBXNativeTarget "农事无忧UITests" */;
			buildPhases = (
				04243B211D75179900809AC5 /* Sources */,
				04243B221D75179900809AC5 /* Frameworks */,
				04243B231D75179900809AC5 /* Resources */,
			);
			buildRules = (
			);
			dependencies = (
				04243B271D75179900809AC5 /* PBXTargetDependency */,
			);
			name = "农事无忧UITests";
			productName = "农事无忧UITests";
			productReference = 04243B251D75179900809AC5 /* 农事无忧UITests.xctest */;
			productType = "com.apple.product-type.bundle.ui-testing";
		};
/* End PBXNativeTarget section */

/* Begin PBXProject section */
		04243AF91D75179800809AC5 /* Project object */ = {
			isa = PBXProject;
			attributes = {
				CLASSPREFIX = NXH;
				LastUpgradeCheck = 0730;
				ORGANIZATIONNAME = HBNXWLKJ;
				TargetAttributes = {
					04243B001D75179800809AC5 = {
						CreatedOnToolsVersion = 7.3.1;
					};
					04243B191D75179900809AC5 = {
						CreatedOnToolsVersion = 7.3.1;
						TestTargetID = 04243B001D75179800809AC5;
					};
					04243B241D75179900809AC5 = {
						CreatedOnToolsVersion = 7.3.1;
						TestTargetID = 04243B001D75179800809AC5;
					};
				};
			};
			buildConfigurationList = 04243AFC1D75179800809AC5 /* Build configuration list for PBXProject "农事无忧" */;
			compatibilityVersion = "Xcode 3.2";
			developmentRegion = English;
			hasScannedForEncodings = 0;
			knownRegions = (
				en,
				Base,
			);
			mainGroup = 04243AF81D75179800809AC5;
			productRefGroup = 04243B021D75179800809AC5 /* Products */;
			projectDirPath = "";
			projectRoot = "";
			targets = (
				04243B001D75179800809AC5 /* 农事无忧 */,
				04243B191D75179900809AC5 /* 农事无忧Tests */,
				04243B241D75179900809AC5 /* 农事无忧UITests */,
			);
		};
/* End PBXProject section */

/* Begin PBXResourcesBuildPhase section */
		04243AFF1D75179800809AC5 /* Resources */ = {
			isa = PBXResourcesBuildPhase;
			buildActionMask = 2147483647;
			files = (
				04FBF96D1D76800800CF5DF8 /* indicator_2_focused.png in Resources */,
				04FBF9721D76800800CF5DF8 /* indicator_4_unfocused.png in Resources */,
				0412C3801D75871900F534BA /* guide_three.jpg in Resources */,
				04FBF9711D76800800CF5DF8 /* indicator_4_focused.png in Resources */,
				04FBF96E1D76800800CF5DF8 /* indicator_2_unfocused.png in Resources */,
				0412C3591D75840000F534BA /* Launch Screen.storyboard in Resources */,
				04FBF96C1D76800800CF5DF8 /* indicator_1_unfocused.png in Resources */,
				04243B111D75179800809AC5 /* Assets.xcassets in Resources */,
				04FBF96B1D76800800CF5DF8 /* indicator_1_focused.png in Resources */,
				04FBF96F1D76800800CF5DF8 /* indicator_3_focused.png in Resources */,
				0412C3821D75871900F534BA /* splash.jpg in Resources */,
				0412C3811D75871900F534BA /* guide_two.jpg in Resources */,
				0412C37D1D75871900F534BA /* guide_four.jpg in Resources */,
				0412C37F1D75871900F534BA /* guide_one.jpg in Resources */,
				0412C37E1D75871900F534BA /* guide_go_btn.png in Resources */,
				04A22A741D75319C002C3490 /* Info.plist in Resources */,
				04FBF9701D76800800CF5DF8 /* indicator_3_unfocused.png in Resources */,
			);
			runOnlyForDeploymentPostprocessing = 0;
		};
		04243B181D75179900809AC5 /* Resources */ = {
			isa = PBXResourcesBuildPhase;
			buildActionMask = 2147483647;
			files = (
			);
			runOnlyForDeploymentPostprocessing = 0;
		};
		04243B231D75179900809AC5 /* Resources */ = {
			isa = PBXResourcesBuildPhase;
			buildActionMask = 2147483647;
			files = (
			);
			runOnlyForDeploymentPostprocessing = 0;
		};
/* End PBXResourcesBuildPhase section */

/* Begin PBXSourcesBuildPhase section */
		04243AFD1D75179800809AC5 /* Sources */ = {
			isa = PBXSourcesBuildPhase;
			buildActionMask = 2147483647;
			files = (
				042FA2A51D76617D00F0154B /* NXHpageControl.m in Sources */,
				04A22A8D1D753C19002C3490 /* NXHNewFeatureCell.m in Sources */,
				04A22A931D7565AD002C3490 /* UIImage+Image.m in Sources */,
				04A22A731D75319C002C3490 /* AppDelegate.m in Sources */,
				04A22A941D7565AD002C3490 /* UIView+Frame.m in Sources */,
				04A22A891D753792002C3490 /* NXHNewFeatureViewController.m in Sources */,
				0412C3521D75783C00F534BA /* NXHNFViewController.m in Sources */,
				04A22A751D75319C002C3490 /* main.m in Sources */,
				04A22A801D753474002C3490 /* NXHSaveTool.m in Sources */,
				04A22A721D75319C002C3490 /* NXHMainViewController.m in Sources */,
				04A22A7C1D7531FB002C3490 /* NXHGudieTool.m in Sources */,
			);
			runOnlyForDeploymentPostprocessing = 0;
		};
		04243B161D75179900809AC5 /* Sources */ = {
			isa = PBXSourcesBuildPhase;
			buildActionMask = 2147483647;
			files = (
				04243B1F1D75179900809AC5 /* ____Tests.m in Sources */,
			);
			runOnlyForDeploymentPostprocessing = 0;
		};
		04243B211D75179900809AC5 /* Sources */ = {
			isa = PBXSourcesBuildPhase;
			buildActionMask = 2147483647;
			files = (
				04243B2A1D75179900809AC5 /* ____UITests.m in Sources */,
			);
			runOnlyForDeploymentPostprocessing = 0;
		};
/* End PBXSourcesBuildPhase section */

/* Begin PBXTargetDependency section */
		04243B1C1D75179900809AC5 /* PBXTargetDependency */ = {
			isa = PBXTargetDependency;
			target = 04243B001D75179800809AC5 /* 农事无忧 */;
			targetProxy = 04243B1B1D75179900809AC5 /* PBXContainerItemProxy */;
		};
		04243B271D75179900809AC5 /* PBXTargetDependency */ = {
			isa = PBXTargetDependency;
			target = 04243B001D75179800809AC5 /* 农事无忧 */;
			targetProxy = 04243B261D75179900809AC5 /* PBXContainerItemProxy */;
		};
/* End PBXTargetDependency section */

/* Begin XCBuildConfiguration section */
		04243B2C1D75179900809AC5 /* Debug */ = {
			isa = XCBuildConfiguration;
			buildSettings = {
				ALWAYS_SEARCH_USER_PATHS = NO;
				CLANG_ANALYZER_NONNULL = YES;
				CLANG_CXX_LANGUAGE_STANDARD = "gnu++0x";
				CLANG_CXX_LIBRARY = "libc++";
				CLANG_ENABLE_MODULES = YES;
				CLANG_ENABLE_OBJC_ARC = YES;
				CLANG_WARN_BOOL_CONVERSION = YES;
				CLANG_WARN_CONSTANT_CONVERSION = YES;
				CLANG_WARN_DIRECT_OBJC_ISA_USAGE = YES_ERROR;
				CLANG_WARN_EMPTY_BODY = YES;
				CLANG_WARN_ENUM_CONVERSION = YES;
				CLANG_WARN_INT_CONVERSION = YES;
				CLANG_WARN_OBJC_ROOT_CLASS = YES_ERROR;
				CLANG_WARN_UNREACHABLE_CODE = YES;
				CLANG_WARN__DUPLICATE_METHOD_MATCH = YES;
				"CODE_SIGN_IDENTITY[sdk=iphoneos*]" = "iPhone Developer";
				COPY_PHASE_STRIP = NO;
				DEBUG_INFORMATION_FORMAT = dwarf;
				ENABLE_STRICT_OBJC_MSGSEND = YES;
				ENABLE_TESTABILITY = YES;
				GCC_C_LANGUAGE_STANDARD = gnu99;
				GCC_DYNAMIC_NO_PIC = NO;
				GCC_NO_COMMON_BLOCKS = YES;
				GCC_OPTIMIZATION_LEVEL = 0;
				GCC_PREPROCESSOR_DEFINITIONS = (
					"DEBUG=1",
					"$(inherited)",
				);
				GCC_WARN_64_TO_32_BIT_CONVERSION = YES;
				GCC_WARN_ABOUT_RETURN_TYPE = YES_ERROR;
				GCC_WARN_UNDECLARED_SELECTOR = YES;
				GCC_WARN_UNINITIALIZED_AUTOS = YES_AGGRESSIVE;
				GCC_WARN_UNUSED_FUNCTION = YES;
				GCC_WARN_UNUSED_VARIABLE = YES;
				IPHONEOS_DEPLOYMENT_TARGET = 7.1;
				MTL_ENABLE_DEBUG_INFO = YES;
				ONLY_ACTIVE_ARCH = YES;
				SDKROOT = iphoneos;
				TARGETED_DEVICE_FAMILY = "1,2";
			};
			name = Debug;
		};
		04243B2D1D75179900809AC5 /* Release */ = {
			isa = XCBuildConfiguration;
			buildSettings = {
				ALWAYS_SEARCH_USER_PATHS = NO;
				CLANG_ANALYZER_NONNULL = YES;
				CLANG_CXX_LANGUAGE_STANDARD = "gnu++0x";
				CLANG_CXX_LIBRARY = "libc++";
				CLANG_ENABLE_MODULES = YES;
				CLANG_ENABLE_OBJC_ARC = YES;
				CLANG_WARN_BOOL_CONVERSION = YES;
				CLANG_WARN_CONSTANT_CONVERSION = YES;
				CLANG_WARN_DIRECT_OBJC_ISA_USAGE = YES_ERROR;
				CLANG_WARN_EMPTY_BODY = YES;
				CLANG_WARN_ENUM_CONVERSION = YES;
				CLANG_WARN_INT_CONVERSION = YES;
				CLANG_WARN_OBJC_ROOT_CLASS = YES_ERROR;
				CLANG_WARN_UNREACHABLE_CODE = YES;
				CLANG_WARN__DUPLICATE_METHOD_MATCH = YES;
				"CODE_SIGN_IDENTITY[sdk=iphoneos*]" = "iPhone Developer";
				COPY_PHASE_STRIP = NO;
				DEBUG_INFORMATION_FORMAT = "dwarf-with-dsym";
				ENABLE_NS_ASSERTIONS = NO;
				ENABLE_STRICT_OBJC_MSGSEND = YES;
				GCC_C_LANGUAGE_STANDARD = gnu99;
				GCC_NO_COMMON_BLOCKS = YES;
				GCC_WARN_64_TO_32_BIT_CONVERSION = YES;
				GCC_WARN_ABOUT_RETURN_TYPE = YES_ERROR;
				GCC_WARN_UNDECLARED_SELECTOR = YES;
				GCC_WARN_UNINITIALIZED_AUTOS = YES_AGGRESSIVE;
				GCC_WARN_UNUSED_FUNCTION = YES;
				GCC_WARN_UNUSED_VARIABLE = YES;
				IPHONEOS_DEPLOYMENT_TARGET = 7.1;
				MTL_ENABLE_DEBUG_INFO = NO;
				SDKROOT = iphoneos;
				TARGETED_DEVICE_FAMILY = "1,2";
				VALIDATE_PRODUCT = YES;
			};
			name = Release;
		};
		04243B2F1D75179900809AC5 /* Debug */ = {
			isa = XCBuildConfiguration;
			buildSettings = {
				ASSETCATALOG_COMPILER_APPICON_NAME = AppIcon;
				CODE_SIGN_IDENTITY = "iPhone Developer";
				GCC_PRECOMPILE_PREFIX_HEADER = NO;
				GCC_PREFIX_HEADER = "$(PRODUCT_NAME)/Class/Other/农事无忧.pch";
				INFOPLIST_FILE = "$(SRCROOT)/农事无忧/Class/Other/Info.plist";
				IPHONEOS_DEPLOYMENT_TARGET = 7.1;
				LD_RUNPATH_SEARCH_PATHS = "$(inherited) @executable_path/Frameworks";
				PRODUCT_BUNDLE_IDENTIFIER = "com.HBNXWLKJ.----";
				PRODUCT_NAME = "$(TARGET_NAME)";
				TARGETED_DEVICE_FAMILY = 1;
			};
			name = Debug;
		};
		04243B301D75179900809AC5 /* Release */ = {
			isa = XCBuildConfiguration;
			buildSettings = {
				ASSETCATALOG_COMPILER_APPICON_NAME = AppIcon;
				CODE_SIGN_IDENTITY = "iPhone Developer";
				GCC_PRECOMPILE_PREFIX_HEADER = NO;
				GCC_PREFIX_HEADER = "$(PRODUCT_NAME)/Class/Other/农事无忧.pch";
				INFOPLIST_FILE = "$(SRCROOT)/农事无忧/Class/Other/Info.plist";
				IPHONEOS_DEPLOYMENT_TARGET = 7.1;
				LD_RUNPATH_SEARCH_PATHS = "$(inherited) @executable_path/Frameworks";
				PRODUCT_BUNDLE_IDENTIFIER = "com.HBNXWLKJ.----";
				PRODUCT_NAME = "$(TARGET_NAME)";
				TARGETED_DEVICE_FAMILY = 1;
			};
			name = Release;
		};
		04243B321D75179900809AC5 /* Debug */ = {
			isa = XCBuildConfiguration;
			buildSettings = {
				BUNDLE_LOADER = "$(TEST_HOST)";
				INFOPLIST_FILE = "农事无忧Tests/Info.plist";
				LD_RUNPATH_SEARCH_PATHS = "$(inherited) @executable_path/Frameworks @loader_path/Frameworks";
				PRODUCT_BUNDLE_IDENTIFIER = "com.HBNXWLKJ.----Tests";
				PRODUCT_NAME = "$(TARGET_NAME)";
				TEST_HOST = "$(BUILT_PRODUCTS_DIR)/农事无忧.app/农事无忧";
			};
			name = Debug;
		};
		04243B331D75179900809AC5 /* Release */ = {
			isa = XCBuildConfiguration;
			buildSettings = {
				BUNDLE_LOADER = "$(TEST_HOST)";
				INFOPLIST_FILE = "农事无忧Tests/Info.plist";
				LD_RUNPATH_SEARCH_PATHS = "$(inherited) @executable_path/Frameworks @loader_path/Frameworks";
				PRODUCT_BUNDLE_IDENTIFIER = "com.HBNXWLKJ.----Tests";
				PRODUCT_NAME = "$(TARGET_NAME)";
				TEST_HOST = "$(BUILT_PRODUCTS_DIR)/农事无忧.app/农事无忧";
			};
			name = Release;
		};
		04243B351D75179900809AC5 /* Debug */ = {
			isa = XCBuildConfiguration;
			buildSettings = {
				INFOPLIST_FILE = "农事无忧UITests/Info.plist";
				LD_RUNPATH_SEARCH_PATHS = "$(inherited) @executable_path/Frameworks @loader_path/Frameworks";
				PRODUCT_BUNDLE_IDENTIFIER = "com.HBNXWLKJ.----UITests";
				PRODUCT_NAME = "$(TARGET_NAME)";
				TEST_TARGET_NAME = "农事无忧";
			};
			name = Debug;
		};
		04243B361D75179900809AC5 /* Release */ = {
			isa = XCBuildConfiguration;
			buildSettings = {
				INFOPLIST_FILE = "农事无忧UITests/Info.plist";
				LD_RUNPATH_SEARCH_PATHS = "$(inherited) @executable_path/Frameworks @loader_path/Frameworks";
				PRODUCT_BUNDLE_IDENTIFIER = "com.HBNXWLKJ.----UITests";
				PRODUCT_NAME = "$(TARGET_NAME)";
				TEST_TARGET_NAME = "农事无忧";
			};
			name = Release;
		};
/* End XCBuildConfiguration section */

/* Begin XCConfigurationList section */
		04243AFC1D75179800809AC5 /* Build configuration list for PBXProject "农事无忧" */ = {
			isa = XCConfigurationList;
			buildConfigurations = (
				04243B2C1D75179900809AC5 /* Debug */,
				04243B2D1D75179900809AC5 /* Release */,
			);
			defaultConfigurationIsVisible = 0;
			defaultConfigurationName = Release;
		};
		04243B2E1D75179900809AC5 /* Build configuration list for PBXNativeTarget "农事无忧" */ = {
			isa = XCConfigurationList;
			buildConfigurations = (
				04243B2F1D75179900809AC5 /* Debug */,
				04243B301D75179900809AC5 /* Release */,
			);
			defaultConfigurationIsVisible = 0;
			defaultConfigurationName = Release;
		};
		04243B311D75179900809AC5 /* Build configuration list for PBXNativeTarget "农事无忧Tests" */ = {
			isa = XCConfigurationList;
			buildConfigurations = (
				04243B321D75179900809AC5 /* Debug */,
				04243B331D75179900809AC5 /* Release */,
			);
			defaultConfigurationIsVisible = 0;
			defaultConfigurationName = Release;
		};
		04243B341D75179900809AC5 /* Build configuration list for PBXNativeTarget "农事无忧UITests" */ = {
			isa = XCConfigurationList;
			buildConfigurations = (
				04243B351D75179900809AC5 /* Debug */,
				04243B361D75179900809AC5 /* Release */,
			);
			defaultConfigurationIsVisible = 0;
			defaultConfigurationName = Release;
		};
/* End XCConfigurationList section */
	};
	rootObject = 04243AF91D75179800809AC5 /* Project object */;
}
